// !$*UTF8*$!
{
	archiveVersion = 1;
	classes = {
	};
	objectVersion = 46;
	objects = {

/* Begin PBXBuildFile section */
		7D3403A11CFC282000C0F4A6 /* Assets.xcassets in Resources */ = {isa = PBXBuildFile; fileRef = 7D3403A01CFC282000C0F4A6 /* Assets.xcassets */; };
		7D3403B51CFC2CD300C0F4A6 /* AppDelegate.swift in Sources */ = {isa = PBXBuildFile; fileRef = 7D3403B31CFC2CD300C0F4A6 /* AppDelegate.swift */; };
		7DF5E9B51CFD150A0081EAE5 /* MainViewController.swift in Sources */ = {isa = PBXBuildFile; fileRef = 7DF5E9B41CFD150A0081EAE5 /* MainViewController.swift */; };
		7DF5E9B71CFD15A50081EAE5 /* HomeViewController.swift in Sources */ = {isa = PBXBuildFile; fileRef = 7DF5E9B61CFD15A50081EAE5 /* HomeViewController.swift */; };
		7DF5E9BD1CFD165F0081EAE5 /* DiscoverViewController.swift in Sources */ = {isa = PBXBuildFile; fileRef = 7DF5E9BC1CFD165F0081EAE5 /* DiscoverViewController.swift */; };
		7DF5E9BF1CFD1A800081EAE5 /* MessageViewController.swift in Sources */ = {isa = PBXBuildFile; fileRef = 7DF5E9BE1CFD1A800081EAE5 /* MessageViewController.swift */; };
		7DF5E9C11CFD1C3B0081EAE5 /* ProfileViewController.swift in Sources */ = {isa = PBXBuildFile; fileRef = 7DF5E9C01CFD1C3B0081EAE5 /* ProfileViewController.swift */; };
		7DF5E9C51CFD1D9F0081EAE5 /* MainVCSettings.json in Resources */ = {isa = PBXBuildFile; fileRef = 7DF5E9C31CFD1D9F0081EAE5 /* MainVCSettings.json */; };
/* End PBXBuildFile section */

/* Begin PBXFileReference section */
		7D3403961CFC282000C0F4A6 /* weiboDemo.app */ = {isa = PBXFileReference; explicitFileType = wrapper.application; includeInIndex = 0; path = weiboDemo.app; sourceTree = BUILT_PRODUCTS_DIR; };
		7D3403A01CFC282000C0F4A6 /* Assets.xcassets */ = {isa = PBXFileReference; lastKnownFileType = folder.assetcatalog; path = Assets.xcassets; sourceTree = "<group>"; };
		7D3403A51CFC282000C0F4A6 /* Info.plist */ = {isa = PBXFileReference; lastKnownFileType = text.plist.xml; path = Info.plist; sourceTree = "<group>"; };
		7D3403B31CFC2CD300C0F4A6 /* AppDelegate.swift */ = {isa = PBXFileReference; fileEncoding = 4; lastKnownFileType = sourcecode.swift; path = AppDelegate.swift; sourceTree = "<group>"; };
		7DF5E9B41CFD150A0081EAE5 /* MainViewController.swift */ = {isa = PBXFileReference; fileEncoding = 4; lastKnownFileType = sourcecode.swift; path = MainViewController.swift; sourceTree = "<group>"; };
		7DF5E9B61CFD15A50081EAE5 /* HomeViewController.swift */ = {isa = PBXFileReference; fileEncoding = 4; lastKnownFileType = sourcecode.swift; path = HomeViewController.swift; sourceTree = "<group>"; };
		7DF5E9BC1CFD165F0081EAE5 /* DiscoverViewController.swift */ = {isa = PBXFileReference; fileEncoding = 4; lastKnownFileType = sourcecode.swift; path = DiscoverViewController.swift; sourceTree = "<group>"; };
		7DF5E9BE1CFD1A800081EAE5 /* MessageViewController.swift */ = {isa = PBXFileReference; fileEncoding = 4; lastKnownFileType = sourcecode.swift; path = MessageViewController.swift; sourceTree = "<group>"; };
		7DF5E9C01CFD1C3B0081EAE5 /* ProfileViewController.swift */ = {isa = PBXFileReference; fileEncoding = 4; lastKnownFileType = sourcecode.swift; path = ProfileViewController.swift; sourceTree = "<group>"; };
		7DF5E9C31CFD1D9F0081EAE5 /* MainVCSettings.json */ = {isa = PBXFileReference; fileEncoding = 4; lastKnownFileType = text.json; path = MainVCSettings.json; sourceTree = "<group>"; };
/* End PBXFileReference section */

/* Begin PBXFrameworksBuildPhase section */
		7D3403931CFC282000C0F4A6 /* Frameworks */ = {
			isa = PBXFrameworksBuildPhase;
			buildActionMask = 2147483647;
			files = (
			);
			runOnlyForDeploymentPostprocessing = 0;
		};
/* End PBXFrameworksBuildPhase section */

/* Begin PBXGroup section */
		7D34038D1CFC282000C0F4A6 = {
			isa = PBXGroup;
			children = (
				7D3403981CFC282000C0F4A6 /* weiboDemo */,
				7D3403971CFC282000C0F4A6 /* Products */,
			);
			sourceTree = "<group>";
		};
		7D3403971CFC282000C0F4A6 /* Products */ = {
			isa = PBXGroup;
			children = (
				7D3403961CFC282000C0F4A6 /* weiboDemo.app */,
			);
			name = Products;
			sourceTree = "<group>";
		};
		7D3403981CFC282000C0F4A6 /* weiboDemo */ = {
			isa = PBXGroup;
			children = (
				7D3403AB1CFC2C7500C0F4A6 /* Classes */,
				7D3403A01CFC282000C0F4A6 /* Assets.xcassets */,
				7D3403A51CFC282000C0F4A6 /* Info.plist */,
			);
			path = weiboDemo;
			sourceTree = "<group>";
		};
		7D3403AB1CFC2C7500C0F4A6 /* Classes */ = {
			isa = PBXGroup;
			children = (
				7DF5E9C21CFD1D9F0081EAE5 /* Resource */,
				7D3403B11CFC2C7500C0F4A6 /* Other */,
				7D3403AC1CFC2C7500C0F4A6 /* Common */,
				7D3403AD1CFC2C7500C0F4A6 /* Discover */,
				7D3403AE1CFC2C7500C0F4A6 /* Home */,
				7D3403AF1CFC2C7500C0F4A6 /* Main */,
				7D3403B01CFC2C7500C0F4A6 /* Message */,
				7D3403B21CFC2C7500C0F4A6 /* Profile */,
			);
			path = Classes;
			sourceTree = "<group>";
		};
		7D3403AC1CFC2C7500C0F4A6 /* Common */ = {
			isa = PBXGroup;
			children = (
			);
			path = Common;
			sourceTree = "<group>";
		};
		7D3403AD1CFC2C7500C0F4A6 /* Discover */ = {
			isa = PBXGroup;
			children = (
				7DF5E9BC1CFD165F0081EAE5 /* DiscoverViewController.swift */,
			);
			path = Discover;
			sourceTree = "<group>";
		};
		7D3403AE1CFC2C7500C0F4A6 /* Home */ = {
			isa = PBXGroup;
			children = (
				7DF5E9B61CFD15A50081EAE5 /* HomeViewController.swift */,
			);
			path = Home;
			sourceTree = "<group>";
		};
		7D3403AF1CFC2C7500C0F4A6 /* Main */ = {
			isa = PBXGroup;
			children = (
				7D3403B31CFC2CD300C0F4A6 /* AppDelegate.swift */,
				7DF5E9B41CFD150A0081EAE5 /* MainViewController.swift */,
			);
			path = Main;
			sourceTree = "<group>";
		};
		7D3403B01CFC2C7500C0F4A6 /* Message */ = {
			isa = PBXGroup;
			children = (
				7DF5E9BE1CFD1A800081EAE5 /* MessageViewController.swift */,
			);
			path = Message;
			sourceTree = "<group>";
		};
		7D3403B11CFC2C7500C0F4A6 /* Other */ = {
			isa = PBXGroup;
			children = (
			);
			path = Other;
			sourceTree = "<group>";
		};
		7D3403B21CFC2C7500C0F4A6 /* Profile */ = {
			isa = PBXGroup;
			children = (
				7DF5E9C01CFD1C3B0081EAE5 /* ProfileViewController.swift */,
			);
			path = Profile;
			sourceTree = "<group>";
		};
		7DF5E9C21CFD1D9F0081EAE5 /* Resource */ = {
			isa = PBXGroup;
			children = (
				7DF5E9C31CFD1D9F0081EAE5 /* MainVCSettings.json */,
			);
			path = Resource;
			sourceTree = "<group>";
		};
/* End PBXGroup section */

/* Begin PBXNativeTarget section */
		7D3403951CFC282000C0F4A6 /* weiboDemo */ = {
			isa = PBXNativeTarget;
			buildConfigurationList = 7D3403A81CFC282000C0F4A6 /* Build configuration list for PBXNativeTarget "weiboDemo" */;
			buildPhases = (
				7D3403921CFC282000C0F4A6 /* Sources */,
				7D3403931CFC282000C0F4A6 /* Frameworks */,
				7D3403941CFC282000C0F4A6 /* Resources */,
			);
			buildRules = (
			);
			dependencies = (
			);
			name = weiboDemo;
			productName = weiboDemo;
			productReference = 7D3403961CFC282000C0F4A6 /* weiboDemo.app */;
			productType = "com.apple.product-type.application";
		};
/* End PBXNativeTarget section */

/* Begin PBXProject section */
		7D34038E1CFC282000C0F4A6 /* Project object */ = {
			isa = PBXProject;
			attributes = {
				LastSwiftUpdateCheck = 0730;
				LastUpgradeCheck = 0730;
				ORGANIZATIONNAME = fanstudio;
				TargetAttributes = {
					7D3403951CFC282000C0F4A6 = {
						CreatedOnToolsVersion = 7.3.1;
					};
				};
			};
			buildConfigurationList = 7D3403911CFC282000C0F4A6 /* Build configuration list for PBXProject "weiboDemo" */;
			compatibilityVersion = "Xcode 3.2";
			developmentRegion = English;
			hasScannedForEncodings = 0;
			knownRegions = (
				en,
				Base,
			);
			mainGroup = 7D34038D1CFC282000C0F4A6;
			productRefGroup = 7D3403971CFC282000C0F4A6 /* Products */;
			projectDirPath = "";
			projectRoot = "";
			targets = (
				7D3403951CFC282000C0F4A6 /* weiboDemo */,
			);
		};
/* End PBXProject section */

/* Begin PBXResourcesBuildPhase section */
		7D3403941CFC282000C0F4A6 /* Resources */ = {
			isa = PBXResourcesBuildPhase;
			buildActionMask = 2147483647;
			files = (
				7DF5E9C51CFD1D9F0081EAE5 /* MainVCSettings.json in Resources */,
				7D3403A11CFC282000C0F4A6 /* Assets.xcassets in Resources */,
			);
			runOnlyForDeploymentPostprocessing = 0;
		};
/* End PBXResourcesBuildPhase section */

/* Begin PBXSourcesBuildPhase section */
		7D3403921CFC282000C0F4A6 /* Sources */ = {
			isa = PBXSourcesBuildPhase;
			buildActionMask = 2147483647;
			files = (
				7DF5E9C11CFD1C3B0081EAE5 /* ProfileViewController.swift in Sources */,
				7DF5E9B51CFD150A0081EAE5 /* MainViewController.swift in Sources */,
				7D3403B51CFC2CD300C0F4A6 /* AppDelegate.swift in Sources */,
				7DF5E9BD1CFD165F0081EAE5 /* DiscoverViewController.swift in Sources */,
				7DF5E9B71CFD15A50081EAE5 /* HomeViewController.swift in Sources */,
				7DF5E9BF1CFD1A800081EAE5 /* MessageViewController.swift in Sources */,
			);
			runOnlyForDeploymentPostprocessing = 0;
		};
/* End PBXSourcesBuildPhase section */

/* Begin XCBuildConfiguration section */
		7D3403A61CFC282000C0F4A6 /* Debug */ = {
			isa = XCBuildConfiguration;
			buildSettings = {
				ALWAYS_SEARCH_USER_PATHS = NO;
				CLANG_ANALYZER_NONNULL = YES;
				CLANG_CXX_LANGUAGE_STANDARD = "gnu++0x";
				CLANG_CXX_LIBRARY = "libc++";
				CLANG_ENABLE_MODULES = YES;
				CLANG_ENABLE_OBJC_ARC = YES;
				CLANG_WARN_BOOL_CONVERSION = YES;
				CLANG_WARN_CONSTANT_CONVERSION = YES;
				CLANG_WARN_DIRECT_OBJC_ISA_USAGE = YES_ERROR;
				CLANG_WARN_EMPTY_BODY = YES;
				CLANG_WARN_ENUM_CONVERSION = YES;
				CLANG_WARN_INT_CONVERSION = YES;
				CLANG_WARN_OBJC_ROOT_CLASS = YES_ERROR;
				CLANG_WARN_UNREACHABLE_CODE = YES;
				CLANG_WARN__DUPLICATE_METHOD_MATCH = YES;
				"CODE_SIGN_IDENTITY[sdk=iphoneos*]" = "iPhone Developer";
				COPY_PHASE_STRIP = NO;
				DEBUG_INFORMATION_FORMAT = dwarf;
				ENABLE_STRICT_OBJC_MSGSEND = YES;
				ENABLE_TESTABILITY = YES;
				GCC_C_LANGUAGE_STANDARD = gnu99;
				GCC_DYNAMIC_NO_PIC = NO;
				GCC_NO_COMMON_BLOCKS = YES;
				GCC_OPTIMIZATION_LEVEL = 0;
				GCC_PREPROCESSOR_DEFINITIONS = (
					"DEBUG=1",
					"$(inherited)",
				);
				GCC_WARN_64_TO_32_BIT_CONVERSION = YES;
				GCC_WARN_ABOUT_RETURN_TYPE = YES_ERROR;
				GCC_WARN_UNDECLARED_SELECTOR = YES;
				GCC_WARN_UNINITIALIZED_AUTOS = YES_AGGRESSIVE;
				GCC_WARN_UNUSED_FUNCTION = YES;
				GCC_WARN_UNUSED_VARIABLE = YES;
				IPHONEOS_DEPLOYMENT_TARGET = 9.3;
				MTL_ENABLE_DEBUG_INFO = YES;
				ONLY_ACTIVE_ARCH = YES;
				SDKROOT = iphoneos;
				SWIFT_OPTIMIZATION_LEVEL = "-Onone";
			};
			name = Debug;
		};
		7D3403A71CFC282000C0F4A6 /* Release */ = {
			isa = XCBuildConfiguration;
			buildSettings = {
				ALWAYS_SEARCH_USER_PATHS = NO;
				CLANG_ANALYZER_NONNULL = YES;
				CLANG_CXX_LANGUAGE_STANDARD = "gnu++0x";
				CLANG_CXX_LIBRARY = "libc++";
				CLANG_ENABLE_MODULES = YES;
				CLANG_ENABLE_OBJC_ARC = YES;
				CLANG_WARN_BOOL_CONVERSION = YES;
				CLANG_WARN_CONSTANT_CONVERSION = YES;
				CLANG_WARN_DIRECT_OBJC_ISA_USAGE = YES_ERROR;
				CLANG_WARN_EMPTY_BODY = YES;
				CLANG_WARN_ENUM_CONVERSION = YES;
				CLANG_WARN_INT_CONVERSION = YES;
				CLANG_WARN_OBJC_ROOT_CLASS = YES_ERROR;
				CLANG_WARN_UNREACHABLE_CODE = YES;
				CLANG_WARN__DUPLICATE_METHOD_MATCH = YES;
				"CODE_SIGN_IDENTITY[sdk=iphoneos*]" = "iPhone Developer";
				COPY_PHASE_STRIP = NO;
				DEBUG_INFORMATION_FORMAT = "dwarf-with-dsym";
				ENABLE_NS_ASSERTIONS = NO;
				ENABLE_STRICT_OBJC_MSGSEND = YES;
				GCC_C_LANGUAGE_STANDARD = gnu99;
				GCC_NO_COMMON_BLOCKS = YES;
				GCC_WARN_64_TO_32_BIT_CONVERSION = YES;
				GCC_WARN_ABOUT_RETURN_TYPE = YES_ERROR;
				GCC_WARN_UNDECLARED_SELECTOR = YES;
				GCC_WARN_UNINITIALIZED_AUTOS = YES_AGGRESSIVE;
				GCC_WARN_UNUSED_FUNCTION = YES;
				GCC_WARN_UNUSED_VARIABLE = YES;
				IPHONEOS_DEPLOYMENT_TARGET = 9.3;
				MTL_ENABLE_DEBUG_INFO = NO;
				SDKROOT = iphoneos;
				VALIDATE_PRODUCT = YES;
			};
			name = Release;
		};
		7D3403A91CFC282000C0F4A6 /* Debug */ = {
			isa = XCBuildConfiguration;
			buildSettings = {
				ASSETCATALOG_COMPILER_APPICON_NAME = AppIcon;
				ASSETCATALOG_COMPILER_LAUNCHIMAGE_NAME = LaunchImage;
				CLANG_ENABLE_MODULES = YES;
				INFOPLIST_FILE = weiboDemo/Info.plist;
				LD_RUNPATH_SEARCH_PATHS = "$(inherited) @executable_path/Frameworks";
				PRODUCT_BUNDLE_IDENTIFIER = cn.fanstudio.weiboDemo;
				PRODUCT_NAME = "$(TARGET_NAME)";
				SWIFT_OPTIMIZATION_LEVEL = "-Onone";
			};
			name = Debug;
		};
		7D3403AA1CFC282000C0F4A6 /* Release */ = {
			isa = XCBuildConfiguration;
			buildSettings = {
				ASSETCATALOG_COMPILER_APPICON_NAME = AppIcon;
				ASSETCATALOG_COMPILER_LAUNCHIMAGE_NAME = LaunchImage;
				CLANG_ENABLE_MODULES = YES;
				INFOPLIST_FILE = weiboDemo/Info.plist;
				LD_RUNPATH_SEARCH_PATHS = "$(inherited) @executable_path/Frameworks";
				PRODUCT_BUNDLE_IDENTIFIER = cn.fanstudio.weiboDemo;
				PRODUCT_NAME = "$(TARGET_NAME)";
			};
			name = Release;
		};
/* End XCBuildConfiguration section */

/* Begin XCConfigurationList section */
		7D3403911CFC282000C0F4A6 /* Build configuration list for PBXProject "weiboDemo" */ = {
			isa = XCConfigurationList;
			buildConfigurations = (
				7D3403A61CFC282000C0F4A6 /* Debug */,
				7D3403A71CFC282000C0F4A6 /* Release */,
			);
			defaultConfigurationIsVisible = 0;
			defaultConfigurationName = Release;
		};
		7D3403A81CFC282000C0F4A6 /* Build configuration list for PBXNativeTarget "weiboDemo" */ = {
			isa = XCConfigurationList;
			buildConfigurations = (
				7D3403A91CFC282000C0F4A6 /* Debug */,
				7D3403AA1CFC282000C0F4A6 /* Release */,
			);
			defaultConfigurationIsVisible = 0;
			defaultConfigurationName = Release;
		};
/* End XCConfigurationList section */
	};
	rootObject = 7D34038E1CFC282000C0F4A6 /* Project object */;
}
